
Microsoft Visual Studio Solution File, Format Version 12.00
# Visual Studio Version 16
VisualStudioVersion = 16.0.31702.278
MinimumVisualStudioVersion = 10.0.40219.1
Project("{FAE04EC0-301F-11D3-BF4B-00C04F79EFBC}") = "WebAPI", "WebAPI\WebAPI.csproj", "{17F49A14-B12E-47EF-B562-C136FCD07CF5}"
EndProject
Global
	GlobalSection(SolutionConfigurationPlatforms) = preSolution
		Debug|Any CPU = Debug|Any CPU
		Release|Any CPU = Release|Any CPU
	EndGlobalSection
	GlobalSection(ProjectConfigurationPlatforms) = postSolution
		{17F49A14-B12E-47EF-B562-C136FCD07CF5}.Debug|Any CPU.ActiveCfg = Debug|Any CPU
		{17F49A14-B12E-47EF-B562-C136FCD07CF5}.Debug|Any CPU.Build.0 = Debug|Any CPU
		{17F49A14-B12E-47EF-B562-C136FCD07CF5}.Release|Any CPU.ActiveCfg = Release|Any CPU
		{17F49A14-B12E-47EF-B562-C136FCD07CF5}.Release|Any CPU.Build.0 = Release|Any CPU
	EndGlobalSection
	GlobalSection(SolutionProperties) = preSolution
		HideSolutionNode = FALSE
	EndGlobalSection
	GlobalSection(ExtensibilityGlobals) = postSolution
		SolutionGuid = {A94A489D-1F5B-4D8A-94AF-C0F279CEE598}
	EndGlobalSection
EndGlobal
